{
    "name": "ui",
    "version": "1.0.0",
    "lockfileVersion": 3,
    "requires": true,
    "packages": {
        "": {
            "name": "ui",
            "version": "1.0.0",
            "devDependencies": {},
            "engines": {
                "node": ">=10.0.0",
                "npm": ">=5.0.0"
            }
        }
    }
}
